
Microsoft Visual Studio Solution File, Format Version 12.00
# Visual Studio Version 16
VisualStudioVersion = 16.0.31105.61
MinimumVisualStudioVersion = 10.0.40219.1
Project("{9A19103F-16F7-4668-BE54-9A1E7A4F7556}") = "RabbitMQ.Producer", "RabbitMQ.Producer\RabbitMQ.Producer.csproj", "{6785B822-A648-492B-B063-41C0661EE1B8}"
EndProject
Global
	GlobalSection(SolutionConfigurationPlatforms) = preSolution
		Debug|Any CPU = Debug|Any CPU
		Release|Any CPU = Release|Any CPU
	EndGlobalSection
	GlobalSection(ProjectConfigurationPlatforms) = postSolution
		{6785B822-A648-492B-B063-41C0661EE1B8}.Debug|Any CPU.ActiveCfg = Debug|Any CPU
		{6785B822-A648-492B-B063-41C0661EE1B8}.Debug|Any CPU.Build.0 = Debug|Any CPU
		{6785B822-A648-492B-B063-41C0661EE1B8}.Release|Any CPU.ActiveCfg = Release|Any CPU
		{6785B822-A648-492B-B063-41C0661EE1B8}.Release|Any CPU.Build.0 = Release|Any CPU
	EndGlobalSection
	GlobalSection(SolutionProperties) = preSolution
		HideSolutionNode = FALSE
	EndGlobalSection
	GlobalSection(ExtensibilityGlobals) = postSolution
		SolutionGuid = {AC1F7E8E-1669-46E1-93AA-41D6BCC3387F}
	EndGlobalSection
EndGlobal
